
Microsoft Visual Studio Solution File, Format Version 12.00
# Visual Studio 15
VisualStudioVersion = 15.0.27130.2036
MinimumVisualStudioVersion = 10.0.40219.1
Project("{FAE04EC0-301F-11D3-BF4B-00C04F79EFBC}") = "CoCarClientCSharp", "CoCarClientCSharp\CoCarClientCSharp.csproj", "{0711F058-45A8-4A2A-99F9-B72AD05F7798}"
EndProject
Project("{FAE04EC0-301F-11D3-BF4B-00C04F79EFBC}") = "Components", "Components\Components.csproj", "{ED4F370A-1AF7-4AD4-8781-4784B8FBB3DE}"
EndProject
Global
	GlobalSection(SolutionConfigurationPlatforms) = preSolution
		Debug|Any CPU = Debug|Any CPU
		Release|Any CPU = Release|Any CPU
	EndGlobalSection
	GlobalSection(ProjectConfigurationPlatforms) = postSolution
		{0711F058-45A8-4A2A-99F9-B72AD05F7798}.Debug|Any CPU.ActiveCfg = Debug|Any CPU
		{0711F058-45A8-4A2A-99F9-B72AD05F7798}.Debug|Any CPU.Build.0 = Debug|Any CPU
		{0711F058-45A8-4A2A-99F9-B72AD05F7798}.Release|Any CPU.ActiveCfg = Release|Any CPU
		{0711F058-45A8-4A2A-99F9-B72AD05F7798}.Release|Any CPU.Build.0 = Release|Any CPU
		{ED4F370A-1AF7-4AD4-8781-4784B8FBB3DE}.Debug|Any CPU.ActiveCfg = Debug|Any CPU
		{ED4F370A-1AF7-4AD4-8781-4784B8FBB3DE}.Debug|Any CPU.Build.0 = Debug|Any CPU
		{ED4F370A-1AF7-4AD4-8781-4784B8FBB3DE}.Release|Any CPU.ActiveCfg = Release|Any CPU
		{ED4F370A-1AF7-4AD4-8781-4784B8FBB3DE}.Release|Any CPU.Build.0 = Release|Any CPU
	EndGlobalSection
	GlobalSection(SolutionProperties) = preSolution
		HideSolutionNode = FALSE
	EndGlobalSection
	GlobalSection(ExtensibilityGlobals) = postSolution
		SolutionGuid = {4506FEFD-6013-45D6-BAD9-2E19841597C6}
	EndGlobalSection
EndGlobal
